// !$*UTF8*$!
{
	archiveVersion = 1;
	classes = {
	};
	objectVersion = 46;
	objects = {

/* Begin PBXBuildFile section */
		5F92AD731E7270D1006FDAF2 /* AppDelegate.swift in Sources */ = {isa = PBXBuildFile; fileRef = 5F92AD721E7270D1006FDAF2 /* AppDelegate.swift */; };
		5F92AD751E7270D1006FDAF2 /* ViewController.swift in Sources */ = {isa = PBXBuildFile; fileRef = 5F92AD741E7270D1006FDAF2 /* ViewController.swift */; };
		5F92AD781E7270D1006FDAF2 /* Main.storyboard in Resources */ = {isa = PBXBuildFile; fileRef = 5F92AD761E7270D1006FDAF2 /* Main.storyboard */; };
		5F92AD7A1E7270D1006FDAF2 /* Assets.xcassets in Resources */ = {isa = PBXBuildFile; fileRef = 5F92AD791E7270D1006FDAF2 /* Assets.xcassets */; };
		5F92AD7D1E7270D1006FDAF2 /* LaunchScreen.storyboard in Resources */ = {isa = PBXBuildFile; fileRef = 5F92AD7B1E7270D1006FDAF2 /* LaunchScreen.storyboard */; };
		5F92AD881E7270D1006FDAF2 /* sampleImageviewTests.swift in Sources */ = {isa = PBXBuildFile; fileRef = 5F92AD871E7270D1006FDAF2 /* sampleImageviewTests.swift */; };
		5F92AD931E7270D1006FDAF2 /* sampleImageviewUITests.swift in Sources */ = {isa = PBXBuildFile; fileRef = 5F92AD921E7270D1006FDAF2 /* sampleImageviewUITests.swift */; };
		5F92ADA11E727173006FDAF2 /* omu.jpg in Resources */ = {isa = PBXBuildFile; fileRef = 5F92ADA01E727173006FDAF2 /* omu.jpg */; };
/* End PBXBuildFile section */

/* Begin PBXContainerItemProxy section */
		5F92AD841E7270D1006FDAF2 /* PBXContainerItemProxy */ = {
			isa = PBXContainerItemProxy;
			containerPortal = 5F92AD671E7270D0006FDAF2 /* Project object */;
			proxyType = 1;
			remoteGlobalIDString = 5F92AD6E1E7270D1006FDAF2;
			remoteInfo = sampleImageview;
		};
		5F92AD8F1E7270D1006FDAF2 /* PBXContainerItemProxy */ = {
			isa = PBXContainerItemProxy;
			containerPortal = 5F92AD671E7270D0006FDAF2 /* Project object */;
			proxyType = 1;
			remoteGlobalIDString = 5F92AD6E1E7270D1006FDAF2;
			remoteInfo = sampleImageview;
		};
/* End PBXContainerItemProxy section */

/* Begin PBXFileReference section */
		5F92AD6F1E7270D1006FDAF2 /* sampleImageview.app */ = {isa = PBXFileReference; explicitFileType = wrapper.application; includeInIndex = 0; path = sampleImageview.app; sourceTree = BUILT_PRODUCTS_DIR; };
		5F92AD721E7270D1006FDAF2 /* AppDelegate.swift */ = {isa = PBXFileReference; lastKnownFileType = sourcecode.swift; path = AppDelegate.swift; sourceTree = "<group>"; };
		5F92AD741E7270D1006FDAF2 /* ViewController.swift */ = {isa = PBXFileReference; lastKnownFileType = sourcecode.swift; path = ViewController.swift; sourceTree = "<group>"; };
		5F92AD771E7270D1006FDAF2 /* Base */ = {isa = PBXFileReference; lastKnownFileType = file.storyboard; name = Base; path = Base.lproj/Main.storyboard; sourceTree = "<group>"; };
		5F92AD791E7270D1006FDAF2 /* Assets.xcassets */ = {isa = PBXFileReference; lastKnownFileType = folder.assetcatalog; path = Assets.xcassets; sourceTree = "<group>"; };
		5F92AD7C1E7270D1006FDAF2 /* Base */ = {isa = PBXFileReference; lastKnownFileType = file.storyboard; name = Base; path = Base.lproj/LaunchScreen.storyboard; sourceTree = "<group>"; };
		5F92AD7E1E7270D1006FDAF2 /* Info.plist */ = {isa = PBXFileReference; lastKnownFileType = text.plist.xml; path = Info.plist; sourceTree = "<group>"; };
		5F92AD831E7270D1006FDAF2 /* sampleImageviewTests.xctest */ = {isa = PBXFileReference; explicitFileType = wrapper.cfbundle; includeInIndex = 0; path = sampleImageviewTests.xctest; sourceTree = BUILT_PRODUCTS_DIR; };
		5F92AD871E7270D1006FDAF2 /* sampleImageviewTests.swift */ = {isa = PBXFileReference; lastKnownFileType = sourcecode.swift; path = sampleImageviewTests.swift; sourceTree = "<group>"; };
		5F92AD891E7270D1006FDAF2 /* Info.plist */ = {isa = PBXFileReference; lastKnownFileType = text.plist.xml; path = Info.plist; sourceTree = "<group>"; };
		5F92AD8E1E7270D1006FDAF2 /* sampleImageviewUITests.xctest */ = {isa = PBXFileReference; explicitFileType = wrapper.cfbundle; includeInIndex = 0; path = sampleImageviewUITests.xctest; sourceTree = BUILT_PRODUCTS_DIR; };
		5F92AD921E7270D1006FDAF2 /* sampleImageviewUITests.swift */ = {isa = PBXFileReference; lastKnownFileType = sourcecode.swift; path = sampleImageviewUITests.swift; sourceTree = "<group>"; };
		5F92AD941E7270D1006FDAF2 /* Info.plist */ = {isa = PBXFileReference; lastKnownFileType = text.plist.xml; path = Info.plist; sourceTree = "<group>"; };
		5F92ADA01E727173006FDAF2 /* omu.jpg */ = {isa = PBXFileReference; lastKnownFileType = image.jpeg; path = omu.jpg; sourceTree = "<group>"; };
/* End PBXFileReference section */

/* Begin PBXFrameworksBuildPhase section */
		5F92AD6C1E7270D1006FDAF2 /* Frameworks */ = {
			isa = PBXFrameworksBuildPhase;
			buildActionMask = 2147483647;
			files = (
			);
			runOnlyForDeploymentPostprocessing = 0;
		};
		5F92AD801E7270D1006FDAF2 /* Frameworks */ = {
			isa = PBXFrameworksBuildPhase;
			buildActionMask = 2147483647;
			files = (
			);
			runOnlyForDeploymentPostprocessing = 0;
		};
		5F92AD8B1E7270D1006FDAF2 /* Frameworks */ = {
			isa = PBXFrameworksBuildPhase;
			buildActionMask = 2147483647;
			files = (
			);
			runOnlyForDeploymentPostprocessing = 0;
		};
/* End PBXFrameworksBuildPhase section */

/* Begin PBXGroup section */
		5F92AD661E7270D0006FDAF2 = {
			isa = PBXGroup;
			children = (
				5F92AD711E7270D1006FDAF2 /* sampleImageview */,
				5F92AD861E7270D1006FDAF2 /* sampleImageviewTests */,
				5F92AD911E7270D1006FDAF2 /* sampleImageviewUITests */,
				5F92AD701E7270D1006FDAF2 /* Products */,
			);
			sourceTree = "<group>";
		};
		5F92AD701E7270D1006FDAF2 /* Products */ = {
			isa = PBXGroup;
			children = (
				5F92AD6F1E7270D1006FDAF2 /* sampleImageview.app */,
				5F92AD831E7270D1006FDAF2 /* sampleImageviewTests.xctest */,
				5F92AD8E1E7270D1006FDAF2 /* sampleImageviewUITests.xctest */,
			);
			name = Products;
			sourceTree = "<group>";
		};
		5F92AD711E7270D1006FDAF2 /* sampleImageview */ = {
			isa = PBXGroup;
			children = (
				5F92ADA01E727173006FDAF2 /* omu.jpg */,
				5F92AD721E7270D1006FDAF2 /* AppDelegate.swift */,
				5F92AD741E7270D1006FDAF2 /* ViewController.swift */,
				5F92AD761E7270D1006FDAF2 /* Main.storyboard */,
				5F92AD791E7270D1006FDAF2 /* Assets.xcassets */,
				5F92AD7B1E7270D1006FDAF2 /* LaunchScreen.storyboard */,
				5F92AD7E1E7270D1006FDAF2 /* Info.plist */,
			);
			path = sampleImageview;
			sourceTree = "<group>";
		};
		5F92AD861E7270D1006FDAF2 /* sampleImageviewTests */ = {
			isa = PBXGroup;
			children = (
				5F92AD871E7270D1006FDAF2 /* sampleImageviewTests.swift */,
				5F92AD891E7270D1006FDAF2 /* Info.plist */,
			);
			path = sampleImageviewTests;
			sourceTree = "<group>";
		};
		5F92AD911E7270D1006FDAF2 /* sampleImageviewUITests */ = {
			isa = PBXGroup;
			children = (
				5F92AD921E7270D1006FDAF2 /* sampleImageviewUITests.swift */,
				5F92AD941E7270D1006FDAF2 /* Info.plist */,
			);
			path = sampleImageviewUITests;
			sourceTree = "<group>";
		};
/* End PBXGroup section */

/* Begin PBXNativeTarget section */
		5F92AD6E1E7270D1006FDAF2 /* sampleImageview */ = {
			isa = PBXNativeTarget;
			buildConfigurationList = 5F92AD971E7270D1006FDAF2 /* Build configuration list for PBXNativeTarget "sampleImageview" */;
			buildPhases = (
				5F92AD6B1E7270D1006FDAF2 /* Sources */,
				5F92AD6C1E7270D1006FDAF2 /* Frameworks */,
				5F92AD6D1E7270D1006FDAF2 /* Resources */,
			);
			buildRules = (
			);
			dependencies = (
			);
			name = sampleImageview;
			productName = sampleImageview;
			productReference = 5F92AD6F1E7270D1006FDAF2 /* sampleImageview.app */;
			productType = "com.apple.product-type.application";
		};
		5F92AD821E7270D1006FDAF2 /* sampleImageviewTests */ = {
			isa = PBXNativeTarget;
			buildConfigurationList = 5F92AD9A1E7270D1006FDAF2 /* Build configuration list for PBXNativeTarget "sampleImageviewTests" */;
			buildPhases = (
				5F92AD7F1E7270D1006FDAF2 /* Sources */,
				5F92AD801E7270D1006FDAF2 /* Frameworks */,
				5F92AD811E7270D1006FDAF2 /* Resources */,
			);
			buildRules = (
			);
			dependencies = (
				5F92AD851E7270D1006FDAF2 /* PBXTargetDependency */,
			);
			name = sampleImageviewTests;
			productName = sampleImageviewTests;
			productReference = 5F92AD831E7270D1006FDAF2 /* sampleImageviewTests.xctest */;
			productType = "com.apple.product-type.bundle.unit-test";
		};
		5F92AD8D1E7270D1006FDAF2 /* sampleImageviewUITests */ = {
			isa = PBXNativeTarget;
			buildConfigurationList = 5F92AD9D1E7270D1006FDAF2 /* Build configuration list for PBXNativeTarget "sampleImageviewUITests" */;
			buildPhases = (
				5F92AD8A1E7270D1006FDAF2 /* Sources */,
				5F92AD8B1E7270D1006FDAF2 /* Frameworks */,
				5F92AD8C1E7270D1006FDAF2 /* Resources */,
			);
			buildRules = (
			);
			dependencies = (
				5F92AD901E7270D1006FDAF2 /* PBXTargetDependency */,
			);
			name = sampleImageviewUITests;
			productName = sampleImageviewUITests;
			productReference = 5F92AD8E1E7270D1006FDAF2 /* sampleImageviewUITests.xctest */;
			productType = "com.apple.product-type.bundle.ui-testing";
		};
/* End PBXNativeTarget section */

/* Begin PBXProject section */
		5F92AD671E7270D0006FDAF2 /* Project object */ = {
			isa = PBXProject;
			attributes = {
				LastSwiftUpdateCheck = 0820;
				LastUpgradeCheck = 0820;
				ORGANIZATIONNAME = "Yuki Mitsudome";
				TargetAttributes = {
					5F92AD6E1E7270D1006FDAF2 = {
						CreatedOnToolsVersion = 8.2.1;
						ProvisioningStyle = Automatic;
					};
					5F92AD821E7270D1006FDAF2 = {
						CreatedOnToolsVersion = 8.2.1;
						ProvisioningStyle = Automatic;
						TestTargetID = 5F92AD6E1E7270D1006FDAF2;
					};
					5F92AD8D1E7270D1006FDAF2 = {
						CreatedOnToolsVersion = 8.2.1;
						ProvisioningStyle = Automatic;
						TestTargetID = 5F92AD6E1E7270D1006FDAF2;
					};
				};
			};
			buildConfigurationList = 5F92AD6A1E7270D0006FDAF2 /* Build configuration list for PBXProject "sampleImageview" */;
			compatibilityVersion = "Xcode 3.2";
			developmentRegion = English;
			hasScannedForEncodings = 0;
			knownRegions = (
				en,
				Base,
			);
			mainGroup = 5F92AD661E7270D0006FDAF2;
			productRefGroup = 5F92AD701E7270D1006FDAF2 /* Products */;
			projectDirPath = "";
			projectRoot = "";
			targets = (
				5F92AD6E1E7270D1006FDAF2 /* sampleImageview */,
				5F92AD821E7270D1006FDAF2 /* sampleImageviewTests */,
				5F92AD8D1E7270D1006FDAF2 /* sampleImageviewUITests */,
			);
		};
/* End PBXProject section */

/* Begin PBXResourcesBuildPhase section */
		5F92AD6D1E7270D1006FDAF2 /* Resources */ = {
			isa = PBXResourcesBuildPhase;
			buildActionMask = 2147483647;
			files = (
				5F92AD7D1E7270D1006FDAF2 /* LaunchScreen.storyboard in Resources */,
				5F92AD7A1E7270D1006FDAF2 /* Assets.xcassets in Resources */,
				5F92AD781E7270D1006FDAF2 /* Main.storyboard in Resources */,
				5F92ADA11E727173006FDAF2 /* omu.jpg in Resources */,
			);
			runOnlyForDeploymentPostprocessing = 0;
		};
		5F92AD811E7270D1006FDAF2 /* Resources */ = {
			isa = PBXResourcesBuildPhase;
			buildActionMask = 2147483647;
			files = (
			);
			runOnlyForDeploymentPostprocessing = 0;
		};
		5F92AD8C1E7270D1006FDAF2 /* Resources */ = {
			isa = PBXResourcesBuildPhase;
			buildActionMask = 2147483647;
			files = (
			);
			runOnlyForDeploymentPostprocessing = 0;
		};
/* End PBXResourcesBuildPhase section */

/* Begin PBXSourcesBuildPhase section */
		5F92AD6B1E7270D1006FDAF2 /* Sources */ = {
			isa = PBXSourcesBuildPhase;
			buildActionMask = 2147483647;
			files = (
				5F92AD751E7270D1006FDAF2 /* ViewController.swift in Sources */,
				5F92AD731E7270D1006FDAF2 /* AppDelegate.swift in Sources */,
			);
			runOnlyForDeploymentPostprocessing = 0;
		};
		5F92AD7F1E7270D1006FDAF2 /* Sources */ = {
			isa = PBXSourcesBuildPhase;
			buildActionMask = 2147483647;
			files = (
				5F92AD881E7270D1006FDAF2 /* sampleImageviewTests.swift in Sources */,
			);
			runOnlyForDeploymentPostprocessing = 0;
		};
		5F92AD8A1E7270D1006FDAF2 /* Sources */ = {
			isa = PBXSourcesBuildPhase;
			buildActionMask = 2147483647;
			files = (
				5F92AD931E7270D1006FDAF2 /* sampleImageviewUITests.swift in Sources */,
			);
			runOnlyForDeploymentPostprocessing = 0;
		};
/* End PBXSourcesBuildPhase section */

/* Begin PBXTargetDependency section */
		5F92AD851E7270D1006FDAF2 /* PBXTargetDependency */ = {
			isa = PBXTargetDependency;
			target = 5F92AD6E1E7270D1006FDAF2 /* sampleImageview */;
			targetProxy = 5F92AD841E7270D1006FDAF2 /* PBXContainerItemProxy */;
		};
		5F92AD901E7270D1006FDAF2 /* PBXTargetDependency */ = {
			isa = PBXTargetDependency;
			target = 5F92AD6E1E7270D1006FDAF2 /* sampleImageview */;
			targetProxy = 5F92AD8F1E7270D1006FDAF2 /* PBXContainerItemProxy */;
		};
/* End PBXTargetDependency section */

/* Begin PBXVariantGroup section */
		5F92AD761E7270D1006FDAF2 /* Main.storyboard */ = {
			isa = PBXVariantGroup;
			children = (
				5F92AD771E7270D1006FDAF2 /* Base */,
			);
			name = Main.storyboard;
			sourceTree = "<group>";
		};
		5F92AD7B1E7270D1006FDAF2 /* LaunchScreen.storyboard */ = {
			isa = PBXVariantGroup;
			children = (
				5F92AD7C1E7270D1006FDAF2 /* Base */,
			);
			name = LaunchScreen.storyboard;
			sourceTree = "<group>";
		};
/* End PBXVariantGroup section */

/* Begin XCBuildConfiguration section */
		5F92AD951E7270D1006FDAF2 /* Debug */ = {
			isa = XCBuildConfiguration;
			buildSettings = {
				ALWAYS_SEARCH_USER_PATHS = NO;
				CLANG_ANALYZER_NONNULL = YES;
				CLANG_CXX_LANGUAGE_STANDARD = "gnu++0x";
				CLANG_CXX_LIBRARY = "libc++";
				CLANG_ENABLE_MODULES = YES;
				CLANG_ENABLE_OBJC_ARC = YES;
				CLANG_WARN_BOOL_CONVERSION = YES;
				CLANG_WARN_CONSTANT_CONVERSION = YES;
				CLANG_WARN_DIRECT_OBJC_ISA_USAGE = YES_ERROR;
				CLANG_WARN_DOCUMENTATION_COMMENTS = YES;
				CLANG_WARN_EMPTY_BODY = YES;
				CLANG_WARN_ENUM_CONVERSION = YES;
				CLANG_WARN_INFINITE_RECURSION = YES;
				CLANG_WARN_INT_CONVERSION = YES;
				CLANG_WARN_OBJC_ROOT_CLASS = YES_ERROR;
				CLANG_WARN_SUSPICIOUS_MOVE = YES;
				CLANG_WARN_UNREACHABLE_CODE = YES;
				CLANG_WARN__DUPLICATE_METHOD_MATCH = YES;
				"CODE_SIGN_IDENTITY[sdk=iphoneos*]" = "iPhone Developer";
				COPY_PHASE_STRIP = NO;
				DEBUG_INFORMATION_FORMAT = dwarf;
				ENABLE_STRICT_OBJC_MSGSEND = YES;
				ENABLE_TESTABILITY = YES;
				GCC_C_LANGUAGE_STANDARD = gnu99;
				GCC_DYNAMIC_NO_PIC = NO;
				GCC_NO_COMMON_BLOCKS = YES;
				GCC_OPTIMIZATION_LEVEL = 0;
				GCC_PREPROCESSOR_DEFINITIONS = (
					"DEBUG=1",
					"$(inherited)",
				);
				GCC_WARN_64_TO_32_BIT_CONVERSION = YES;
				GCC_WARN_ABOUT_RETURN_TYPE = YES_ERROR;
				GCC_WARN_UNDECLARED_SELECTOR = YES;
				GCC_WARN_UNINITIALIZED_AUTOS = YES_AGGRESSIVE;
				GCC_WARN_UNUSED_FUNCTION = YES;
				GCC_WARN_UNUSED_VARIABLE = YES;
				IPHONEOS_DEPLOYMENT_TARGET = 10.2;
				MTL_ENABLE_DEBUG_INFO = YES;
				ONLY_ACTIVE_ARCH = YES;
				SDKROOT = iphoneos;
				SWIFT_ACTIVE_COMPILATION_CONDITIONS = DEBUG;
				SWIFT_OPTIMIZATION_LEVEL = "-Onone";
				TARGETED_DEVICE_FAMILY = "1,2";
			};
			name = Debug;
		};
		5F92AD961E7270D1006FDAF2 /* Release */ = {
			isa = XCBuildConfiguration;
			buildSettings = {
				ALWAYS_SEARCH_USER_PATHS = NO;
				CLANG_ANALYZER_NONNULL = YES;
				CLANG_CXX_LANGUAGE_STANDARD = "gnu++0x";
				CLANG_CXX_LIBRARY = "libc++";
				CLANG_ENABLE_MODULES = YES;
				CLANG_ENABLE_OBJC_ARC = YES;
				CLANG_WARN_BOOL_CONVERSION = YES;
				CLANG_WARN_CONSTANT_CONVERSION = YES;
				CLANG_WARN_DIRECT_OBJC_ISA_USAGE = YES_ERROR;
				CLANG_WARN_DOCUMENTATION_COMMENTS = YES;
				CLANG_WARN_EMPTY_BODY = YES;
				CLANG_WARN_ENUM_CONVERSION = YES;
				CLANG_WARN_INFINITE_RECURSION = YES;
				CLANG_WARN_INT_CONVERSION = YES;
				CLANG_WARN_OBJC_ROOT_CLASS = YES_ERROR;
				CLANG_WARN_SUSPICIOUS_MOVE = YES;
				CLANG_WARN_UNREACHABLE_CODE = YES;
				CLANG_WARN__DUPLICATE_METHOD_MATCH = YES;
				"CODE_SIGN_IDENTITY[sdk=iphoneos*]" = "iPhone Developer";
				COPY_PHASE_STRIP = NO;
				DEBUG_INFORMATION_FORMAT = "dwarf-with-dsym";
				ENABLE_NS_ASSERTIONS = NO;
				ENABLE_STRICT_OBJC_MSGSEND = YES;
				GCC_C_LANGUAGE_STANDARD = gnu99;
				GCC_NO_COMMON_BLOCKS = YES;
				GCC_WARN_64_TO_32_BIT_CONVERSION = YES;
				GCC_WARN_ABOUT_RETURN_TYPE = YES_ERROR;
				GCC_WARN_UNDECLARED_SELECTOR = YES;
				GCC_WARN_UNINITIALIZED_AUTOS = YES_AGGRESSIVE;
				GCC_WARN_UNUSED_FUNCTION = YES;
				GCC_WARN_UNUSED_VARIABLE = YES;
				IPHONEOS_DEPLOYMENT_TARGET = 10.2;
				MTL_ENABLE_DEBUG_INFO = NO;
				SDKROOT = iphoneos;
				SWIFT_OPTIMIZATION_LEVEL = "-Owholemodule";
				TARGETED_DEVICE_FAMILY = "1,2";
				VALIDATE_PRODUCT = YES;
			};
			name = Release;
		};
		5F92AD981E7270D1006FDAF2 /* Debug */ = {
			isa = XCBuildConfiguration;
			buildSettings = {
				ASSETCATALOG_COMPILER_APPICON_NAME = AppIcon;
				INFOPLIST_FILE = sampleImageview/Info.plist;
				LD_RUNPATH_SEARCH_PATHS = "$(inherited) @executable_path/Frameworks";
				PRODUCT_BUNDLE_IDENTIFIER = com.yukimitsudome.sampleImageview;
				PRODUCT_NAME = "$(TARGET_NAME)";
				SWIFT_VERSION = 3.0;
			};
			name = Debug;
		};
		5F92AD991E7270D1006FDAF2 /* Release */ = {
			isa = XCBuildConfiguration;
			buildSettings = {
				ASSETCATALOG_COMPILER_APPICON_NAME = AppIcon;
				INFOPLIST_FILE = sampleImageview/Info.plist;
				LD_RUNPATH_SEARCH_PATHS = "$(inherited) @executable_path/Frameworks";
				PRODUCT_BUNDLE_IDENTIFIER = com.yukimitsudome.sampleImageview;
				PRODUCT_NAME = "$(TARGET_NAME)";
				SWIFT_VERSION = 3.0;
			};
			name = Release;
		};
		5F92AD9B1E7270D1006FDAF2 /* Debug */ = {
			isa = XCBuildConfiguration;
			buildSettings = {
				ALWAYS_EMBED_SWIFT_STANDARD_LIBRARIES = YES;
				BUNDLE_LOADER = "$(TEST_HOST)";
				INFOPLIST_FILE = sampleImageviewTests/Info.plist;
				LD_RUNPATH_SEARCH_PATHS = "$(inherited) @executable_path/Frameworks @loader_path/Frameworks";
				PRODUCT_BUNDLE_IDENTIFIER = com.yukimitsudome.sampleImageviewTests;
				PRODUCT_NAME = "$(TARGET_NAME)";
				SWIFT_VERSION = 3.0;
				TEST_HOST = "$(BUILT_PRODUCTS_DIR)/sampleImageview.app/sampleImageview";
			};
			name = Debug;
		};
		5F92AD9C1E7270D1006FDAF2 /* Release */ = {
			isa = XCBuildConfiguration;
			buildSettings = {
				ALWAYS_EMBED_SWIFT_STANDARD_LIBRARIES = YES;
				BUNDLE_LOADER = "$(TEST_HOST)";
				INFOPLIST_FILE = sampleImageviewTests/Info.plist;
				LD_RUNPATH_SEARCH_PATHS = "$(inherited) @executable_path/Frameworks @loader_path/Frameworks";
				PRODUCT_BUNDLE_IDENTIFIER = com.yukimitsudome.sampleImageviewTests;
				PRODUCT_NAME = "$(TARGET_NAME)";
				SWIFT_VERSION = 3.0;
				TEST_HOST = "$(BUILT_PRODUCTS_DIR)/sampleImageview.app/sampleImageview";
			};
			name = Release;
		};
		5F92AD9E1E7270D1006FDAF2 /* Debug */ = {
			isa = XCBuildConfiguration;
			buildSettings = {
				ALWAYS_EMBED_SWIFT_STANDARD_LIBRARIES = YES;
				INFOPLIST_FILE = sampleImageviewUITests/Info.plist;
				LD_RUNPATH_SEARCH_PATHS = "$(inherited) @executable_path/Frameworks @loader_path/Frameworks";
				PRODUCT_BUNDLE_IDENTIFIER = com.yukimitsudome.sampleImageviewUITests;
				PRODUCT_NAME = "$(TARGET_NAME)";
				SWIFT_VERSION = 3.0;
				TEST_TARGET_NAME = sampleImageview;
			};
			name = Debug;
		};
		5F92AD9F1E7270D1006FDAF2 /* Release */ = {
			isa = XCBuildConfiguration;
			buildSettings = {
				ALWAYS_EMBED_SWIFT_STANDARD_LIBRARIES = YES;
				INFOPLIST_FILE = sampleImageviewUITests/Info.plist;
				LD_RUNPATH_SEARCH_PATHS = "$(inherited) @executable_path/Frameworks @loader_path/Frameworks";
				PRODUCT_BUNDLE_IDENTIFIER = com.yukimitsudome.sampleImageviewUITests;
				PRODUCT_NAME = "$(TARGET_NAME)";
				SWIFT_VERSION = 3.0;
				TEST_TARGET_NAME = sampleImageview;
			};
			name = Release;
		};
/* End XCBuildConfiguration section */

/* Begin XCConfigurationList section */
		5F92AD6A1E7270D0006FDAF2 /* Build configuration list for PBXProject "sampleImageview" */ = {
			isa = XCConfigurationList;
			buildConfigurations = (
				5F92AD951E7270D1006FDAF2 /* Debug */,
				5F92AD961E7270D1006FDAF2 /* Release */,
			);
			defaultConfigurationIsVisible = 0;
			defaultConfigurationName = Release;
		};
		5F92AD971E7270D1006FDAF2 /* Build configuration list for PBXNativeTarget "sampleImageview" */ = {
			isa = XCConfigurationList;
			buildConfigurations = (
				5F92AD981E7270D1006FDAF2 /* Debug */,
				5F92AD991E7270D1006FDAF2 /* Release */,
			);
			defaultConfigurationIsVisible = 0;
			defaultConfigurationName = Release;
		};
		5F92AD9A1E7270D1006FDAF2 /* Build configuration list for PBXNativeTarget "sampleImageviewTests" */ = {
			isa = XCConfigurationList;
			buildConfigurations = (
				5F92AD9B1E7270D1006FDAF2 /* Debug */,
				5F92AD9C1E7270D1006FDAF2 /* Release */,
			);
			defaultConfigurationIsVisible = 0;
			defaultConfigurationName = Release;
		};
		5F92AD9D1E7270D1006FDAF2 /* Build configuration list for PBXNativeTarget "sampleImageviewUITests" */ = {
			isa = XCConfigurationList;
			buildConfigurations = (
				5F92AD9E1E7270D1006FDAF2 /* Debug */,
				5F92AD9F1E7270D1006FDAF2 /* Release */,
			);
			defaultConfigurationIsVisible = 0;
			defaultConfigurationName = Release;
		};
/* End XCConfigurationList section */
	};
	rootObject = 5F92AD671E7270D0006FDAF2 /* Project object */;
}
